
Microsoft Visual Studio Solution File, Format Version 12.00
# Visual Studio Version 17
VisualStudioVersion = 17.12.35521.163
MinimumVisualStudioVersion = 10.0.40219.1
Project("{2150E333-8FDC-42A3-9474-1A3956D46DE8}") = "Services", "Services", "{580AB6C6-0E72-4AE1-8C7F-2C23B5918DB4}"
EndProject
Project("{2150E333-8FDC-42A3-9474-1A3956D46DE8}") = "Catalog", "Catalog", "{DE89E825-3C23-403B-9C51-3D082260F113}"
EndProject
Project("{FAE04EC0-301F-11D3-BF4B-00C04F79EFBC}") = "MultiShop.Catalog", "Services\Catalog\MultiShop.Catalog\MultiShop.Catalog.csproj", "{910E1F06-BBC6-429C-B66D-10BD53FEE478}"
EndProject
Project("{2150E333-8FDC-42A3-9474-1A3956D46DE8}") = "Discount", "Discount", "{A72E924D-F51B-4A8D-9322-1F1F88DF5CDE}"
EndProject
Project("{FAE04EC0-301F-11D3-BF4B-00C04F79EFBC}") = "MultiShop.Discount", "Services\Discount\MultiShop.Discount\MultiShop.Discount.csproj", "{42F5026D-847A-4311-9D63-55816C930773}"
EndProject
Project("{2150E333-8FDC-42A3-9474-1A3956D46DE8}") = "Order", "Order", "{50AFAA37-2E9A-45CD-9B5E-042C46C99AA5}"
EndProject
Project("{2150E333-8FDC-42A3-9474-1A3956D46DE8}") = "Core", "Core", "{1735470E-62F3-4BDD-9DFB-DC349BA8CA88}"
EndProject
Project("{2150E333-8FDC-42A3-9474-1A3956D46DE8}") = "Infrastructure", "Infrastructure", "{22194BE6-47E4-461A-A069-4CD4CFCD5966}"
EndProject
Project("{2150E333-8FDC-42A3-9474-1A3956D46DE8}") = "Presentation", "Presentation", "{B051A30F-67C9-4025-A7EB-BD5888EA6990}"
EndProject
Project("{FAE04EC0-301F-11D3-BF4B-00C04F79EFBC}") = "MultiShop.Order.Domain", "Services\Order\Core\MultiShop.Order.Domain\MultiShop.Order.Domain.csproj", "{54AE3337-4E7F-4309-B5E5-D760E7137D9F}"
EndProject
Project("{FAE04EC0-301F-11D3-BF4B-00C04F79EFBC}") = "MultiShop.Order.Application", "Services\Order\Core\MultiShop.Order.Application\MultiShop.Order.Application.csproj", "{0B1C8B80-CCB7-4985-9640-AFEB657482EE}"
EndProject
Project("{FAE04EC0-301F-11D3-BF4B-00C04F79EFBC}") = "MultiShop.Order.Persistence", "Services\Order\Infrastructure\MultiShop.Order.Persistence\MultiShop.Order.Persistence.csproj", "{C31FA385-53E0-4E51-9355-4E7DDCA94053}"
EndProject
Project("{FAE04EC0-301F-11D3-BF4B-00C04F79EFBC}") = "MultiShop.Order.WebApi", "Services\Order\Presentation\MultiShop.Order.WebApi\MultiShop.Order.WebApi.csproj", "{37106332-65D1-4F61-884A-2B1C24B4A11A}"
EndProject
Project("{2150E333-8FDC-42A3-9474-1A3956D46DE8}") = "IdentityServer", "IdentityServer", "{20608599-DE1C-46F4-8A72-63CF744FBA46}"
EndProject
Project("{FAE04EC0-301F-11D3-BF4B-00C04F79EFBC}") = "MultiShop.IdentityServer", "IdentityServer\MultiShop.IdentityServer\MultiShop.IdentityServer.csproj", "{68158E58-4BDC-4169-9148-F9CAB655232E}"
EndProject
Project("{2150E333-8FDC-42A3-9474-1A3956D46DE8}") = "Requirements", "Requirements", "{4DD1080E-2B6D-4DEB-A2CB-5068A9E99F4C}"
	ProjectSection(SolutionItems) = preProject
		PortNumbers.txt = PortNumbers.txt
	EndProjectSection
EndProject
Project("{2150E333-8FDC-42A3-9474-1A3956D46DE8}") = "Cargo", "Cargo", "{44119BFF-5F48-4378-B126-1555C67E43F1}"
EndProject
Project("{FAE04EC0-301F-11D3-BF4B-00C04F79EFBC}") = "MultiShop.Cargo.EntityLayer", "Services\Cargo\MultiShop.Cargo.EntityLayer\MultiShop.Cargo.EntityLayer.csproj", "{AEB485CB-8136-4645-9352-AC4D20431FCB}"
EndProject
Project("{FAE04EC0-301F-11D3-BF4B-00C04F79EFBC}") = "MultiShop.Cargo.BusinessLayer", "Services\Cargo\MultiShop.Cargo.BusinessLayer\MultiShop.Cargo.BusinessLayer.csproj", "{9C4EC13B-2E87-4906-84ED-501B387455AD}"
EndProject
Project("{FAE04EC0-301F-11D3-BF4B-00C04F79EFBC}") = "MultiShop.Cargo.DataAccessLayer", "Services\Cargo\MultiShop.Cargo.DataAccessLayer\MultiShop.Cargo.DataAccessLayer.csproj", "{666F1D77-4A57-4AE0-9BCF-989F476D37B3}"
EndProject
Project("{FAE04EC0-301F-11D3-BF4B-00C04F79EFBC}") = "MultiShop.Cargo.DtoLayer", "Services\Cargo\MultiShop.Cargo.DtoLayer\MultiShop.Cargo.DtoLayer.csproj", "{57E7EC81-4E6E-46C5-8649-C9EAC4249033}"
EndProject
Project("{FAE04EC0-301F-11D3-BF4B-00C04F79EFBC}") = "MultiShop.Cargo.WebApi", "Services\Cargo\MultiShop.Cargo.WebApi\MultiShop.Cargo.WebApi.csproj", "{A11FD225-50A1-4A58-9F90-97BB9346DB79}"
EndProject
Project("{2150E333-8FDC-42A3-9474-1A3956D46DE8}") = "Basket", "Basket", "{8D19D03E-98F0-41DC-8CFF-002A529AAB05}"
EndProject
Project("{FAE04EC0-301F-11D3-BF4B-00C04F79EFBC}") = "MultiShop.Basket", "Services\Basket\MultiShop.Basket\MultiShop.Basket.csproj", "{2DF85E51-6413-4475-91BA-2E3D3B99DBC2}"
EndProject
Project("{2150E333-8FDC-42A3-9474-1A3956D46DE8}") = "Frontends", "Frontends", "{187CF775-6222-4A14-9003-FB87A0ADCA6D}"
EndProject
Project("{FAE04EC0-301F-11D3-BF4B-00C04F79EFBC}") = "MultiShop.WebUI", "Frontends\MultiShop.WebUI\MultiShop.WebUI.csproj", "{5C62F316-CE7B-4690-A9E6-FB78A8B837FE}"
EndProject
Global
	GlobalSection(SolutionConfigurationPlatforms) = preSolution
		Debug|Any CPU = Debug|Any CPU
		Release|Any CPU = Release|Any CPU
	EndGlobalSection
	GlobalSection(ProjectConfigurationPlatforms) = postSolution
		{910E1F06-BBC6-429C-B66D-10BD53FEE478}.Debug|Any CPU.ActiveCfg = Debug|Any CPU
		{910E1F06-BBC6-429C-B66D-10BD53FEE478}.Debug|Any CPU.Build.0 = Debug|Any CPU
		{910E1F06-BBC6-429C-B66D-10BD53FEE478}.Release|Any CPU.ActiveCfg = Release|Any CPU
		{910E1F06-BBC6-429C-B66D-10BD53FEE478}.Release|Any CPU.Build.0 = Release|Any CPU
		{42F5026D-847A-4311-9D63-55816C930773}.Debug|Any CPU.ActiveCfg = Debug|Any CPU
		{42F5026D-847A-4311-9D63-55816C930773}.Debug|Any CPU.Build.0 = Debug|Any CPU
		{42F5026D-847A-4311-9D63-55816C930773}.Release|Any CPU.ActiveCfg = Release|Any CPU
		{42F5026D-847A-4311-9D63-55816C930773}.Release|Any CPU.Build.0 = Release|Any CPU
		{54AE3337-4E7F-4309-B5E5-D760E7137D9F}.Debug|Any CPU.ActiveCfg = Debug|Any CPU
		{54AE3337-4E7F-4309-B5E5-D760E7137D9F}.Debug|Any CPU.Build.0 = Debug|Any CPU
		{54AE3337-4E7F-4309-B5E5-D760E7137D9F}.Release|Any CPU.ActiveCfg = Release|Any CPU
		{54AE3337-4E7F-4309-B5E5-D760E7137D9F}.Release|Any CPU.Build.0 = Release|Any CPU
		{0B1C8B80-CCB7-4985-9640-AFEB657482EE}.Debug|Any CPU.ActiveCfg = Debug|Any CPU
		{0B1C8B80-CCB7-4985-9640-AFEB657482EE}.Debug|Any CPU.Build.0 = Debug|Any CPU
		{0B1C8B80-CCB7-4985-9640-AFEB657482EE}.Release|Any CPU.ActiveCfg = Release|Any CPU
		{0B1C8B80-CCB7-4985-9640-AFEB657482EE}.Release|Any CPU.Build.0 = Release|Any CPU
		{C31FA385-53E0-4E51-9355-4E7DDCA94053}.Debug|Any CPU.ActiveCfg = Debug|Any CPU
		{C31FA385-53E0-4E51-9355-4E7DDCA94053}.Debug|Any CPU.Build.0 = Debug|Any CPU
		{C31FA385-53E0-4E51-9355-4E7DDCA94053}.Release|Any CPU.ActiveCfg = Release|Any CPU
		{C31FA385-53E0-4E51-9355-4E7DDCA94053}.Release|Any CPU.Build.0 = Release|Any CPU
		{37106332-65D1-4F61-884A-2B1C24B4A11A}.Debug|Any CPU.ActiveCfg = Debug|Any CPU
		{37106332-65D1-4F61-884A-2B1C24B4A11A}.Debug|Any CPU.Build.0 = Debug|Any CPU
		{37106332-65D1-4F61-884A-2B1C24B4A11A}.Release|Any CPU.ActiveCfg = Release|Any CPU
		{37106332-65D1-4F61-884A-2B1C24B4A11A}.Release|Any CPU.Build.0 = Release|Any CPU
		{68158E58-4BDC-4169-9148-F9CAB655232E}.Debug|Any CPU.ActiveCfg = Debug|Any CPU
		{68158E58-4BDC-4169-9148-F9CAB655232E}.Debug|Any CPU.Build.0 = Debug|Any CPU
		{68158E58-4BDC-4169-9148-F9CAB655232E}.Release|Any CPU.ActiveCfg = Release|Any CPU
		{68158E58-4BDC-4169-9148-F9CAB655232E}.Release|Any CPU.Build.0 = Release|Any CPU
		{AEB485CB-8136-4645-9352-AC4D20431FCB}.Debug|Any CPU.ActiveCfg = Debug|Any CPU
		{AEB485CB-8136-4645-9352-AC4D20431FCB}.Debug|Any CPU.Build.0 = Debug|Any CPU
		{AEB485CB-8136-4645-9352-AC4D20431FCB}.Release|Any CPU.ActiveCfg = Release|Any CPU
		{AEB485CB-8136-4645-9352-AC4D20431FCB}.Release|Any CPU.Build.0 = Release|Any CPU
		{9C4EC13B-2E87-4906-84ED-501B387455AD}.Debug|Any CPU.ActiveCfg = Debug|Any CPU
		{9C4EC13B-2E87-4906-84ED-501B387455AD}.Debug|Any CPU.Build.0 = Debug|Any CPU
		{9C4EC13B-2E87-4906-84ED-501B387455AD}.Release|Any CPU.ActiveCfg = Release|Any CPU
		{9C4EC13B-2E87-4906-84ED-501B387455AD}.Release|Any CPU.Build.0 = Release|Any CPU
		{666F1D77-4A57-4AE0-9BCF-989F476D37B3}.Debug|Any CPU.ActiveCfg = Debug|Any CPU
		{666F1D77-4A57-4AE0-9BCF-989F476D37B3}.Debug|Any CPU.Build.0 = Debug|Any CPU
		{666F1D77-4A57-4AE0-9BCF-989F476D37B3}.Release|Any CPU.ActiveCfg = Release|Any CPU
		{666F1D77-4A57-4AE0-9BCF-989F476D37B3}.Release|Any CPU.Build.0 = Release|Any CPU
		{57E7EC81-4E6E-46C5-8649-C9EAC4249033}.Debug|Any CPU.ActiveCfg = Debug|Any CPU
		{57E7EC81-4E6E-46C5-8649-C9EAC4249033}.Debug|Any CPU.Build.0 = Debug|Any CPU
		{57E7EC81-4E6E-46C5-8649-C9EAC4249033}.Release|Any CPU.ActiveCfg = Release|Any CPU
		{57E7EC81-4E6E-46C5-8649-C9EAC4249033}.Release|Any CPU.Build.0 = Release|Any CPU
		{A11FD225-50A1-4A58-9F90-97BB9346DB79}.Debug|Any CPU.ActiveCfg = Debug|Any CPU
		{A11FD225-50A1-4A58-9F90-97BB9346DB79}.Debug|Any CPU.Build.0 = Debug|Any CPU
		{A11FD225-50A1-4A58-9F90-97BB9346DB79}.Release|Any CPU.ActiveCfg = Release|Any CPU
		{A11FD225-50A1-4A58-9F90-97BB9346DB79}.Release|Any CPU.Build.0 = Release|Any CPU
		{2DF85E51-6413-4475-91BA-2E3D3B99DBC2}.Debug|Any CPU.ActiveCfg = Debug|Any CPU
		{2DF85E51-6413-4475-91BA-2E3D3B99DBC2}.Debug|Any CPU.Build.0 = Debug|Any CPU
		{2DF85E51-6413-4475-91BA-2E3D3B99DBC2}.Release|Any CPU.ActiveCfg = Release|Any CPU
		{2DF85E51-6413-4475-91BA-2E3D3B99DBC2}.Release|Any CPU.Build.0 = Release|Any CPU
		{5C62F316-CE7B-4690-A9E6-FB78A8B837FE}.Debug|Any CPU.ActiveCfg = Debug|Any CPU
		{5C62F316-CE7B-4690-A9E6-FB78A8B837FE}.Debug|Any CPU.Build.0 = Debug|Any CPU
		{5C62F316-CE7B-4690-A9E6-FB78A8B837FE}.Release|Any CPU.ActiveCfg = Release|Any CPU
		{5C62F316-CE7B-4690-A9E6-FB78A8B837FE}.Release|Any CPU.Build.0 = Release|Any CPU
	EndGlobalSection
	GlobalSection(SolutionProperties) = preSolution
		HideSolutionNode = FALSE
	EndGlobalSection
	GlobalSection(NestedProjects) = preSolution
		{DE89E825-3C23-403B-9C51-3D082260F113} = {580AB6C6-0E72-4AE1-8C7F-2C23B5918DB4}
		{910E1F06-BBC6-429C-B66D-10BD53FEE478} = {DE89E825-3C23-403B-9C51-3D082260F113}
		{A72E924D-F51B-4A8D-9322-1F1F88DF5CDE} = {580AB6C6-0E72-4AE1-8C7F-2C23B5918DB4}
		{42F5026D-847A-4311-9D63-55816C930773} = {A72E924D-F51B-4A8D-9322-1F1F88DF5CDE}
		{50AFAA37-2E9A-45CD-9B5E-042C46C99AA5} = {580AB6C6-0E72-4AE1-8C7F-2C23B5918DB4}
		{1735470E-62F3-4BDD-9DFB-DC349BA8CA88} = {50AFAA37-2E9A-45CD-9B5E-042C46C99AA5}
		{22194BE6-47E4-461A-A069-4CD4CFCD5966} = {50AFAA37-2E9A-45CD-9B5E-042C46C99AA5}
		{B051A30F-67C9-4025-A7EB-BD5888EA6990} = {50AFAA37-2E9A-45CD-9B5E-042C46C99AA5}
		{54AE3337-4E7F-4309-B5E5-D760E7137D9F} = {1735470E-62F3-4BDD-9DFB-DC349BA8CA88}
		{0B1C8B80-CCB7-4985-9640-AFEB657482EE} = {1735470E-62F3-4BDD-9DFB-DC349BA8CA88}
		{C31FA385-53E0-4E51-9355-4E7DDCA94053} = {22194BE6-47E4-461A-A069-4CD4CFCD5966}
		{37106332-65D1-4F61-884A-2B1C24B4A11A} = {B051A30F-67C9-4025-A7EB-BD5888EA6990}
		{68158E58-4BDC-4169-9148-F9CAB655232E} = {20608599-DE1C-46F4-8A72-63CF744FBA46}
		{44119BFF-5F48-4378-B126-1555C67E43F1} = {580AB6C6-0E72-4AE1-8C7F-2C23B5918DB4}
		{AEB485CB-8136-4645-9352-AC4D20431FCB} = {44119BFF-5F48-4378-B126-1555C67E43F1}
		{9C4EC13B-2E87-4906-84ED-501B387455AD} = {44119BFF-5F48-4378-B126-1555C67E43F1}
		{666F1D77-4A57-4AE0-9BCF-989F476D37B3} = {44119BFF-5F48-4378-B126-1555C67E43F1}
		{57E7EC81-4E6E-46C5-8649-C9EAC4249033} = {44119BFF-5F48-4378-B126-1555C67E43F1}
		{A11FD225-50A1-4A58-9F90-97BB9346DB79} = {44119BFF-5F48-4378-B126-1555C67E43F1}
		{8D19D03E-98F0-41DC-8CFF-002A529AAB05} = {580AB6C6-0E72-4AE1-8C7F-2C23B5918DB4}
		{2DF85E51-6413-4475-91BA-2E3D3B99DBC2} = {8D19D03E-98F0-41DC-8CFF-002A529AAB05}
		{5C62F316-CE7B-4690-A9E6-FB78A8B837FE} = {187CF775-6222-4A14-9003-FB87A0ADCA6D}
	EndGlobalSection
EndGlobal
