
Microsoft Visual Studio Solution File, Format Version 12.00
# Visual Studio Version 17
VisualStudioVersion = 17.9.34723.18
MinimumVisualStudioVersion = 10.0.40219.1
Project("{2150E333-8FDC-42A3-9474-1A3956D46DE8}") = "Services", "Services", "{3F458549-AF97-44A2-A10F-7FD8102B8F5D}"
EndProject
Project("{2150E333-8FDC-42A3-9474-1A3956D46DE8}") = "Catalog", "Catalog", "{D79CCBE8-BFD4-4F96-9121-45C9E08AC333}"
EndProject
Project("{9A19103F-16F7-4668-BE54-9A1E7A4F7556}") = "MultiShop.Catalog", "Services\Catalog\MultiShop.Catalog\MultiShop.Catalog.csproj", "{C9A6C907-F41E-4F3A-8E5C-EB00B5101A32}"
EndProject
Project("{2150E333-8FDC-42A3-9474-1A3956D46DE8}") = "Discount", "Discount", "{6774E32D-5D5E-4A85-9345-2AD4A30C0EDD}"
EndProject
Project("{9A19103F-16F7-4668-BE54-9A1E7A4F7556}") = "MultiShop.Discount", "Services\Discount\MultiShop.Discount\MultiShop.Discount.csproj", "{C66D51E3-F310-47E7-8DC2-64414E93FDB3}"
EndProject
Project("{2150E333-8FDC-42A3-9474-1A3956D46DE8}") = "Order", "Order", "{CCE6302D-ECB5-433E-B7F9-85B3451B3965}"
EndProject
Project("{2150E333-8FDC-42A3-9474-1A3956D46DE8}") = "Infrastructure", "Infrastructure", "{F2D238DD-83AB-4D67-9E83-2761C3560E09}"
EndProject
Project("{2150E333-8FDC-42A3-9474-1A3956D46DE8}") = "Presentation", "Presentation", "{9A673693-8C34-444A-A850-0E036913C6A4}"
EndProject
Project("{2150E333-8FDC-42A3-9474-1A3956D46DE8}") = "Core", "Core", "{273DEC35-17F6-47A7-A677-9971D7C5542C}"
EndProject
Project("{9A19103F-16F7-4668-BE54-9A1E7A4F7556}") = "MultiShop.Order.Application", "Services\Order\Core\MultiShop.Order.Application\MultiShop.Order.Application.csproj", "{4246DC08-ABD0-4905-855E-C1756AE5F804}"
EndProject
Project("{9A19103F-16F7-4668-BE54-9A1E7A4F7556}") = "MultiShop.Order.Domain", "Services\Order\Core\MultiShop.Order.Domain\MultiShop.Order.Domain.csproj", "{6A35D922-54DE-4458-95BD-F60F627DB7B0}"
EndProject
Project("{9A19103F-16F7-4668-BE54-9A1E7A4F7556}") = "MultiShop.Order.Persistence", "Services\Order\Infrastructure\MultiShop.Order.Persistence\MultiShop.Order.Persistence.csproj", "{50FD2CED-2750-45D7-B508-E1EC593AC392}"
EndProject
Project("{9A19103F-16F7-4668-BE54-9A1E7A4F7556}") = "MultiShop.Order.WebApi", "Services\Order\Presentation\MultiShop.Order.WebApi\MultiShop.Order.WebApi.csproj", "{FA780222-BD62-443E-A4AC-ECDB2F528AD0}"
EndProject
Project("{2150E333-8FDC-42A3-9474-1A3956D46DE8}") = "IdentityServer", "IdentityServer", "{D4A69EC6-67AF-45C3-A253-37AE7DD7E023}"
EndProject
Project("{9A19103F-16F7-4668-BE54-9A1E7A4F7556}") = "MultiShop.IdentityServer", "IdentityServer\MultiShop.IdentityServer\MultiShop.IdentityServer.csproj", "{F50659A5-E8B7-44CC-8A75-16392A09DA31}"
EndProject
Project("{2150E333-8FDC-42A3-9474-1A3956D46DE8}") = "Requirements", "Requirements", "{BC183555-5BD7-41E5-B5E0-A083BDC8938B}"
EndProject
Project("{2150E333-8FDC-42A3-9474-1A3956D46DE8}") = "Cargo", "Cargo", "{4A7BDDD8-44DD-4A0C-93A3-C24DE4C0D893}"
EndProject
Project("{9A19103F-16F7-4668-BE54-9A1E7A4F7556}") = "MultiShop.Cargo.BusinessLayer", "Services\Cargo\MultiShop.Cargo.BusinessLayer\MultiShop.Cargo.BusinessLayer.csproj", "{D0E13E55-C0F7-43E3-B635-DF407C0B0C50}"
EndProject
Project("{9A19103F-16F7-4668-BE54-9A1E7A4F7556}") = "MultiShop.Cargo.EntityLayer", "Services\Cargo\MultiShop.Cargo.EntityLayer\MultiShop.Cargo.EntityLayer.csproj", "{D5C0DF0E-2EFE-415A-90DD-7078D9557771}"
EndProject
Project("{9A19103F-16F7-4668-BE54-9A1E7A4F7556}") = "MultiShop.Cargo.DataAccessLayer", "Services\Cargo\MultiShop.Cargo.DataAccessLayer\MultiShop.Cargo.DataAccessLayer.csproj", "{4EAD9E23-5FD2-473E-8B7E-6E8A8962BBE5}"
EndProject
Project("{9A19103F-16F7-4668-BE54-9A1E7A4F7556}") = "MultiShop.Cargo.DtoLayer", "Services\Cargo\MultiShop.Cargo.DtoLayer\MultiShop.Cargo.DtoLayer.csproj", "{6F7F87A0-7FA2-4BDC-B54E-0BC36034F4F9}"
EndProject
Project("{9A19103F-16F7-4668-BE54-9A1E7A4F7556}") = "MultiShop.Cargo.WebApi", "Services\Cargo\MultiShop.Cargo.WebApi\MultiShop.Cargo.WebApi.csproj", "{E7FA0D90-DB70-4B2C-AE63-DBDB0E2F0C44}"
EndProject
Project("{2150E333-8FDC-42A3-9474-1A3956D46DE8}") = "Basket", "Basket", "{E34F26E4-401B-481E-9634-1EE0E34F772F}"
EndProject
Project("{FAE04EC0-301F-11D3-BF4B-00C04F79EFBC}") = "MultiShop.Basket", "Services\Basket\MultiShop.Basket\MultiShop.Basket.csproj", "{33BE6A31-2878-404F-A2FF-337C368EF3DE}"
EndProject
Global
	GlobalSection(SolutionConfigurationPlatforms) = preSolution
		Debug|Any CPU = Debug|Any CPU
		Release|Any CPU = Release|Any CPU
	EndGlobalSection
	GlobalSection(ProjectConfigurationPlatforms) = postSolution
		{C9A6C907-F41E-4F3A-8E5C-EB00B5101A32}.Debug|Any CPU.ActiveCfg = Debug|Any CPU
		{C9A6C907-F41E-4F3A-8E5C-EB00B5101A32}.Debug|Any CPU.Build.0 = Debug|Any CPU
		{C9A6C907-F41E-4F3A-8E5C-EB00B5101A32}.Release|Any CPU.ActiveCfg = Release|Any CPU
		{C9A6C907-F41E-4F3A-8E5C-EB00B5101A32}.Release|Any CPU.Build.0 = Release|Any CPU
		{C66D51E3-F310-47E7-8DC2-64414E93FDB3}.Debug|Any CPU.ActiveCfg = Debug|Any CPU
		{C66D51E3-F310-47E7-8DC2-64414E93FDB3}.Debug|Any CPU.Build.0 = Debug|Any CPU
		{C66D51E3-F310-47E7-8DC2-64414E93FDB3}.Release|Any CPU.ActiveCfg = Release|Any CPU
		{C66D51E3-F310-47E7-8DC2-64414E93FDB3}.Release|Any CPU.Build.0 = Release|Any CPU
		{4246DC08-ABD0-4905-855E-C1756AE5F804}.Debug|Any CPU.ActiveCfg = Debug|Any CPU
		{4246DC08-ABD0-4905-855E-C1756AE5F804}.Debug|Any CPU.Build.0 = Debug|Any CPU
		{4246DC08-ABD0-4905-855E-C1756AE5F804}.Release|Any CPU.ActiveCfg = Release|Any CPU
		{4246DC08-ABD0-4905-855E-C1756AE5F804}.Release|Any CPU.Build.0 = Release|Any CPU
		{6A35D922-54DE-4458-95BD-F60F627DB7B0}.Debug|Any CPU.ActiveCfg = Debug|Any CPU
		{6A35D922-54DE-4458-95BD-F60F627DB7B0}.Debug|Any CPU.Build.0 = Debug|Any CPU
		{6A35D922-54DE-4458-95BD-F60F627DB7B0}.Release|Any CPU.ActiveCfg = Release|Any CPU
		{6A35D922-54DE-4458-95BD-F60F627DB7B0}.Release|Any CPU.Build.0 = Release|Any CPU
		{50FD2CED-2750-45D7-B508-E1EC593AC392}.Debug|Any CPU.ActiveCfg = Debug|Any CPU
		{50FD2CED-2750-45D7-B508-E1EC593AC392}.Debug|Any CPU.Build.0 = Debug|Any CPU
		{50FD2CED-2750-45D7-B508-E1EC593AC392}.Release|Any CPU.ActiveCfg = Release|Any CPU
		{50FD2CED-2750-45D7-B508-E1EC593AC392}.Release|Any CPU.Build.0 = Release|Any CPU
		{FA780222-BD62-443E-A4AC-ECDB2F528AD0}.Debug|Any CPU.ActiveCfg = Debug|Any CPU
		{FA780222-BD62-443E-A4AC-ECDB2F528AD0}.Debug|Any CPU.Build.0 = Debug|Any CPU
		{FA780222-BD62-443E-A4AC-ECDB2F528AD0}.Release|Any CPU.ActiveCfg = Release|Any CPU
		{FA780222-BD62-443E-A4AC-ECDB2F528AD0}.Release|Any CPU.Build.0 = Release|Any CPU
		{F50659A5-E8B7-44CC-8A75-16392A09DA31}.Debug|Any CPU.ActiveCfg = Debug|Any CPU
		{F50659A5-E8B7-44CC-8A75-16392A09DA31}.Debug|Any CPU.Build.0 = Debug|Any CPU
		{F50659A5-E8B7-44CC-8A75-16392A09DA31}.Release|Any CPU.ActiveCfg = Release|Any CPU
		{F50659A5-E8B7-44CC-8A75-16392A09DA31}.Release|Any CPU.Build.0 = Release|Any CPU
		{D0E13E55-C0F7-43E3-B635-DF407C0B0C50}.Debug|Any CPU.ActiveCfg = Debug|Any CPU
		{D0E13E55-C0F7-43E3-B635-DF407C0B0C50}.Debug|Any CPU.Build.0 = Debug|Any CPU
		{D0E13E55-C0F7-43E3-B635-DF407C0B0C50}.Release|Any CPU.ActiveCfg = Release|Any CPU
		{D0E13E55-C0F7-43E3-B635-DF407C0B0C50}.Release|Any CPU.Build.0 = Release|Any CPU
		{D5C0DF0E-2EFE-415A-90DD-7078D9557771}.Debug|Any CPU.ActiveCfg = Debug|Any CPU
		{D5C0DF0E-2EFE-415A-90DD-7078D9557771}.Debug|Any CPU.Build.0 = Debug|Any CPU
		{D5C0DF0E-2EFE-415A-90DD-7078D9557771}.Release|Any CPU.ActiveCfg = Release|Any CPU
		{D5C0DF0E-2EFE-415A-90DD-7078D9557771}.Release|Any CPU.Build.0 = Release|Any CPU
		{4EAD9E23-5FD2-473E-8B7E-6E8A8962BBE5}.Debug|Any CPU.ActiveCfg = Debug|Any CPU
		{4EAD9E23-5FD2-473E-8B7E-6E8A8962BBE5}.Debug|Any CPU.Build.0 = Debug|Any CPU
		{4EAD9E23-5FD2-473E-8B7E-6E8A8962BBE5}.Release|Any CPU.ActiveCfg = Release|Any CPU
		{4EAD9E23-5FD2-473E-8B7E-6E8A8962BBE5}.Release|Any CPU.Build.0 = Release|Any CPU
		{6F7F87A0-7FA2-4BDC-B54E-0BC36034F4F9}.Debug|Any CPU.ActiveCfg = Debug|Any CPU
		{6F7F87A0-7FA2-4BDC-B54E-0BC36034F4F9}.Debug|Any CPU.Build.0 = Debug|Any CPU
		{6F7F87A0-7FA2-4BDC-B54E-0BC36034F4F9}.Release|Any CPU.ActiveCfg = Release|Any CPU
		{6F7F87A0-7FA2-4BDC-B54E-0BC36034F4F9}.Release|Any CPU.Build.0 = Release|Any CPU
		{E7FA0D90-DB70-4B2C-AE63-DBDB0E2F0C44}.Debug|Any CPU.ActiveCfg = Debug|Any CPU
		{E7FA0D90-DB70-4B2C-AE63-DBDB0E2F0C44}.Debug|Any CPU.Build.0 = Debug|Any CPU
		{E7FA0D90-DB70-4B2C-AE63-DBDB0E2F0C44}.Release|Any CPU.ActiveCfg = Release|Any CPU
		{E7FA0D90-DB70-4B2C-AE63-DBDB0E2F0C44}.Release|Any CPU.Build.0 = Release|Any CPU
		{33BE6A31-2878-404F-A2FF-337C368EF3DE}.Debug|Any CPU.ActiveCfg = Debug|Any CPU
		{33BE6A31-2878-404F-A2FF-337C368EF3DE}.Debug|Any CPU.Build.0 = Debug|Any CPU
		{33BE6A31-2878-404F-A2FF-337C368EF3DE}.Release|Any CPU.ActiveCfg = Release|Any CPU
		{33BE6A31-2878-404F-A2FF-337C368EF3DE}.Release|Any CPU.Build.0 = Release|Any CPU
	EndGlobalSection
	GlobalSection(SolutionProperties) = preSolution
		HideSolutionNode = FALSE
	EndGlobalSection
	GlobalSection(NestedProjects) = preSolution
		{D79CCBE8-BFD4-4F96-9121-45C9E08AC333} = {3F458549-AF97-44A2-A10F-7FD8102B8F5D}
		{C9A6C907-F41E-4F3A-8E5C-EB00B5101A32} = {D79CCBE8-BFD4-4F96-9121-45C9E08AC333}
		{6774E32D-5D5E-4A85-9345-2AD4A30C0EDD} = {3F458549-AF97-44A2-A10F-7FD8102B8F5D}
		{C66D51E3-F310-47E7-8DC2-64414E93FDB3} = {6774E32D-5D5E-4A85-9345-2AD4A30C0EDD}
		{CCE6302D-ECB5-433E-B7F9-85B3451B3965} = {3F458549-AF97-44A2-A10F-7FD8102B8F5D}
		{F2D238DD-83AB-4D67-9E83-2761C3560E09} = {CCE6302D-ECB5-433E-B7F9-85B3451B3965}
		{9A673693-8C34-444A-A850-0E036913C6A4} = {CCE6302D-ECB5-433E-B7F9-85B3451B3965}
		{273DEC35-17F6-47A7-A677-9971D7C5542C} = {CCE6302D-ECB5-433E-B7F9-85B3451B3965}
		{4246DC08-ABD0-4905-855E-C1756AE5F804} = {273DEC35-17F6-47A7-A677-9971D7C5542C}
		{6A35D922-54DE-4458-95BD-F60F627DB7B0} = {273DEC35-17F6-47A7-A677-9971D7C5542C}
		{50FD2CED-2750-45D7-B508-E1EC593AC392} = {F2D238DD-83AB-4D67-9E83-2761C3560E09}
		{FA780222-BD62-443E-A4AC-ECDB2F528AD0} = {9A673693-8C34-444A-A850-0E036913C6A4}
		{F50659A5-E8B7-44CC-8A75-16392A09DA31} = {D4A69EC6-67AF-45C3-A253-37AE7DD7E023}
		{4A7BDDD8-44DD-4A0C-93A3-C24DE4C0D893} = {3F458549-AF97-44A2-A10F-7FD8102B8F5D}
		{D0E13E55-C0F7-43E3-B635-DF407C0B0C50} = {4A7BDDD8-44DD-4A0C-93A3-C24DE4C0D893}
		{D5C0DF0E-2EFE-415A-90DD-7078D9557771} = {4A7BDDD8-44DD-4A0C-93A3-C24DE4C0D893}
		{4EAD9E23-5FD2-473E-8B7E-6E8A8962BBE5} = {4A7BDDD8-44DD-4A0C-93A3-C24DE4C0D893}
		{6F7F87A0-7FA2-4BDC-B54E-0BC36034F4F9} = {4A7BDDD8-44DD-4A0C-93A3-C24DE4C0D893}
		{E7FA0D90-DB70-4B2C-AE63-DBDB0E2F0C44} = {4A7BDDD8-44DD-4A0C-93A3-C24DE4C0D893}
		{E34F26E4-401B-481E-9634-1EE0E34F772F} = {3F458549-AF97-44A2-A10F-7FD8102B8F5D}
		{33BE6A31-2878-404F-A2FF-337C368EF3DE} = {E34F26E4-401B-481E-9634-1EE0E34F772F}
	EndGlobalSection
	GlobalSection(ExtensibilityGlobals) = postSolution
		SolutionGuid = {96B4E904-61F4-4DDA-8A6D-C953067E2C50}
	EndGlobalSection
EndGlobal
